{
  "name": "ajs-3.1-platforms",
  "version": "1.0.0",
  "lockfileVersion": 3,
  "requires": true,
  "packages": {
    "": {
      "name": "ajs-3.1-platforms",
      "version": "1.0.0",
      "license": "ISC",
      "dependencies": {
        "@sergius92739/ajs": "^1.0.1"
      }
    },
    "node_modules/@sergius92739/ajs": {
      "version": "1.0.1",
      "resolved": "https://npm.pkg.github.com/download/@Sergius92739/ajs/1.0.1/bd99317b267a67efb2ddd89d2827825c02a2f330",
      "integrity": "sha512-aQSL87CTh2MU63tUdXA+iz6bx4fd57zF30KZzFBOu106Pj4nKZE78i8meSkbw1Ky+ZxfhKcU/a5GRjQ8bT5cjg==",
      "license": "ISC"
    }
  }
}
